
Microsoft Visual Studio Solution File, Format Version 12.00
# Visual Studio Version 17
VisualStudioVersion = 17.2.32630.192
MinimumVisualStudioVersion = 10.0.40219.1
Project("{9A19103F-16F7-4668-BE54-9A1E7A4F7556}") = "CarRental.Domain", "CarRental.Domain\CarRental.Domain.csproj", "{129E4B01-0EA7-469C-AE0D-C18850CC8872}"
EndProject
Project("{FAE04EC0-301F-11D3-BF4B-00C04F79EFBC}") = "CarRental.Program", "CarRental.Program\CarRental.Program.csproj", "{696C588E-13C7-477A-B5B7-BCDA43A1A162}"
EndProject
Global
	GlobalSection(SolutionConfigurationPlatforms) = preSolution
		Debug|Any CPU = Debug|Any CPU
		Release|Any CPU = Release|Any CPU
	EndGlobalSection
	GlobalSection(ProjectConfigurationPlatforms) = postSolution
		{129E4B01-0EA7-469C-AE0D-C18850CC8872}.Debug|Any CPU.ActiveCfg = Debug|Any CPU
		{129E4B01-0EA7-469C-AE0D-C18850CC8872}.Debug|Any CPU.Build.0 = Debug|Any CPU
		{129E4B01-0EA7-469C-AE0D-C18850CC8872}.Release|Any CPU.ActiveCfg = Release|Any CPU
		{129E4B01-0EA7-469C-AE0D-C18850CC8872}.Release|Any CPU.Build.0 = Release|Any CPU
		{696C588E-13C7-477A-B5B7-BCDA43A1A162}.Debug|Any CPU.ActiveCfg = Debug|Any CPU
		{696C588E-13C7-477A-B5B7-BCDA43A1A162}.Debug|Any CPU.Build.0 = Debug|Any CPU
		{696C588E-13C7-477A-B5B7-BCDA43A1A162}.Release|Any CPU.ActiveCfg = Release|Any CPU
		{696C588E-13C7-477A-B5B7-BCDA43A1A162}.Release|Any CPU.Build.0 = Release|Any CPU
	EndGlobalSection
	GlobalSection(SolutionProperties) = preSolution
		HideSolutionNode = FALSE
	EndGlobalSection
	GlobalSection(ExtensibilityGlobals) = postSolution
		SolutionGuid = {FC455EFE-8029-4277-9E0A-68ED0A0FEB05}
	EndGlobalSection
EndGlobal
